
Microsoft Visual Studio Solution File, Format Version 12.00
# Visual Studio Version 17
VisualStudioVersion = 17.9.34622.214
MinimumVisualStudioVersion = 10.0.40219.1
Project("{9A19103F-16F7-4668-BE54-9A1E7A4F7556}") = "PoeTradesHelper", "PoeTradesHelper.csproj", "{DD7495B0-1020-46EC-899F-F31CE657D64C}"
EndProject
Global
	GlobalSection(SolutionConfigurationPlatforms) = preSolution
		Debug|Any CPU = Debug|Any CPU
		Release|Any CPU = Release|Any CPU
	EndGlobalSection
	GlobalSection(ProjectConfigurationPlatforms) = postSolution
		{DD7495B0-1020-46EC-899F-F31CE657D64C}.Debug|Any CPU.ActiveCfg = Debug|Any CPU
		{DD7495B0-1020-46EC-899F-F31CE657D64C}.Debug|Any CPU.Build.0 = Debug|Any CPU
		{DD7495B0-1020-46EC-899F-F31CE657D64C}.Release|Any CPU.ActiveCfg = Release|Any CPU
		{DD7495B0-1020-46EC-899F-F31CE657D64C}.Release|Any CPU.Build.0 = Release|Any CPU
	EndGlobalSection
	GlobalSection(SolutionProperties) = preSolution
		HideSolutionNode = FALSE
	EndGlobalSection
	GlobalSection(ExtensibilityGlobals) = postSolution
		SolutionGuid = {A1677739-08AC-4852-9A87-8FA5A1046486}
	EndGlobalSection
EndGlobal
